
Microsoft Visual Studio Solution File, Format Version 12.00
# Visual Studio 15
VisualStudioVersion = 15.0.26430.15
MinimumVisualStudioVersion = 10.0.40219.1
Project("{FAE04EC0-301F-11D3-BF4B-00C04F79EFBC}") = "DYF", "DYF\DYF.csproj", "{16D06FB7-CC7A-4B9C-BDED-F650CC993509}"
EndProject
Project("{FAE04EC0-301F-11D3-BF4B-00C04F79EFBC}") = "DYF.Tests", "DYF.Tests\DYF.Tests.csproj", "{C868497C-9CA7-4B0C-9989-67E5FF5F0ACA}"
EndProject
Global
	GlobalSection(SolutionConfigurationPlatforms) = preSolution
		Debug|Any CPU = Debug|Any CPU
		Release|Any CPU = Release|Any CPU
	EndGlobalSection
	GlobalSection(ProjectConfigurationPlatforms) = postSolution
		{16D06FB7-CC7A-4B9C-BDED-F650CC993509}.Debug|Any CPU.ActiveCfg = Debug|Any CPU
		{16D06FB7-CC7A-4B9C-BDED-F650CC993509}.Debug|Any CPU.Build.0 = Debug|Any CPU
		{16D06FB7-CC7A-4B9C-BDED-F650CC993509}.Release|Any CPU.ActiveCfg = Release|Any CPU
		{16D06FB7-CC7A-4B9C-BDED-F650CC993509}.Release|Any CPU.Build.0 = Release|Any CPU
		{C868497C-9CA7-4B0C-9989-67E5FF5F0ACA}.Debug|Any CPU.ActiveCfg = Debug|Any CPU
		{C868497C-9CA7-4B0C-9989-67E5FF5F0ACA}.Debug|Any CPU.Build.0 = Debug|Any CPU
		{C868497C-9CA7-4B0C-9989-67E5FF5F0ACA}.Release|Any CPU.ActiveCfg = Release|Any CPU
		{C868497C-9CA7-4B0C-9989-67E5FF5F0ACA}.Release|Any CPU.Build.0 = Release|Any CPU
	EndGlobalSection
	GlobalSection(SolutionProperties) = preSolution
		HideSolutionNode = FALSE
	EndGlobalSection
EndGlobal
